
Microsoft Visual Studio Solution File, Format Version 12.00
# Visual Studio Version 17
VisualStudioVersion = 17.6.33723.286
MinimumVisualStudioVersion = 10.0.40219.1
Project("{2150E333-8FDC-42A3-9474-1A3956D46DE8}") = "Solution Items", "Solution Items", "{B92B70C2-95D8-4CB5-B124-015AACE28AB2}"
EndProject
Project("{2150E333-8FDC-42A3-9474-1A3956D46DE8}") = "src", "src", "{E35A4307-9424-42D9-A89E-EA447FB4934F}"
EndProject
Project("{2150E333-8FDC-42A3-9474-1A3956D46DE8}") = "Shared", "Shared", "{E07BDF4C-4921-4024-B683-A1EB67D50BDE}"
EndProject
Project("{2150E333-8FDC-42A3-9474-1A3956D46DE8}") = "Services", "Services", "{B25930EE-1E4A-438B-A9B6-088373490679}"
EndProject
Project("{2150E333-8FDC-42A3-9474-1A3956D46DE8}") = "Web", "Web", "{60B9F2CC-5029-4470-A45E-89CE743CD042}"
EndProject
Project("{9A19103F-16F7-4668-BE54-9A1E7A4F7556}") = "Ryzen.Shop.Catalog.Api", "Services\Catalog\Ryzen.Shop.Catalog.Api\Ryzen.Shop.Catalog.Api.csproj", "{CB6C4C9D-236D-4709-B8E4-A80ED77184BB}"
EndProject
Project("{2150E333-8FDC-42A3-9474-1A3956D46DE8}") = "Catalog", "Catalog", "{31541563-C6B1-4D64-B326-C50B34AB6602}"
EndProject
Project("{2150E333-8FDC-42A3-9474-1A3956D46DE8}") = "tests", "tests", "{2CE907E8-7015-4E4F-A127-B4F2BE5ADAA9}"
EndProject
Project("{9A19103F-16F7-4668-BE54-9A1E7A4F7556}") = "Ryzen.Shop.Catalog.Application", "Services\Catalog\Ryzen.Shop.Catalog.Application\Ryzen.Shop.Catalog.Application.csproj", "{7E4BD724-AD17-4DC0-8E81-DFBCB4F2B07A}"
EndProject
Project("{9A19103F-16F7-4668-BE54-9A1E7A4F7556}") = "Ryzen.Shop.Catalog.Domain", "Services\Catalog\Ryzen.Shop.Catalog.Domain\Ryzen.Shop.Catalog.Domain.csproj", "{16450D8D-C569-454D-8088-24FEE5F60A5B}"
EndProject
Project("{9A19103F-16F7-4668-BE54-9A1E7A4F7556}") = "Ryzen.Shop.Catalog.Persistence", "Services\Catalog\Ryzen.Shop.Catalog.Persistence\Ryzen.Shop.Catalog.Persistence.csproj", "{2E1730A0-3938-48F8-9B15-A5D4737E9218}"
EndProject
Project("{9A19103F-16F7-4668-BE54-9A1E7A4F7556}") = "Ryzen.Shop.Shared", "Shared\Ryzen.Shop.Shared.Entity\Ryzen.Shop.Shared.csproj", "{9A7D3549-ED25-4FAE-821F-3554B934D393}"
EndProject
Project("{E53339B2-1760-4266-BCC7-CA923CBCF16C}") = "docker-compose", "docker-compose.dcproj", "{849BAD6E-8568-4DE2-80AF-87FE8534EF98}"
EndProject
Project("{FAE04EC0-301F-11D3-BF4B-00C04F79EFBC}") = "Ryzen.Shop.Catalog.Test", "Services\Catalog\Ryzen.Shop.Catalog.Test\Ryzen.Shop.Catalog.Test.csproj", "{9938D787-92CA-4DA9-94E4-26DB34EE54E4}"
EndProject
Project("{2150E333-8FDC-42A3-9474-1A3956D46DE8}") = "Trolley", "Trolley", "{B7E4E71D-F6CA-4213-BB94-D537FD379049}"
EndProject
Project("{FAE04EC0-301F-11D3-BF4B-00C04F79EFBC}") = "Ryzen.Shop.Trolley.Api", "Services\Trolley\Ryzen.Shop.Trolley.Api\Ryzen.Shop.Trolley.Api.csproj", "{D0157DBD-BCDF-4027-A2AA-C529E59DF74C}"
EndProject
Project("{2150E333-8FDC-42A3-9474-1A3956D46DE8}") = "tests", "tests", "{3079C665-952B-4476-B2D0-394F1001DE55}"
EndProject
Project("{9A19103F-16F7-4668-BE54-9A1E7A4F7556}") = "Ryzen.Shop.Trolley.Test", "Services\Trolley\Tests\Ryzen.Shop.Trolley.Test\Ryzen.Shop.Trolley.Test.csproj", "{44FD11AD-6B42-4BFD-BEDD-0D748E30E64D}"
EndProject
Global
	GlobalSection(SolutionConfigurationPlatforms) = preSolution
		Debug|Any CPU = Debug|Any CPU
		Release|Any CPU = Release|Any CPU
	EndGlobalSection
	GlobalSection(ProjectConfigurationPlatforms) = postSolution
		{CB6C4C9D-236D-4709-B8E4-A80ED77184BB}.Debug|Any CPU.ActiveCfg = Debug|Any CPU
		{CB6C4C9D-236D-4709-B8E4-A80ED77184BB}.Debug|Any CPU.Build.0 = Debug|Any CPU
		{CB6C4C9D-236D-4709-B8E4-A80ED77184BB}.Release|Any CPU.ActiveCfg = Release|Any CPU
		{CB6C4C9D-236D-4709-B8E4-A80ED77184BB}.Release|Any CPU.Build.0 = Release|Any CPU
		{7E4BD724-AD17-4DC0-8E81-DFBCB4F2B07A}.Debug|Any CPU.ActiveCfg = Debug|Any CPU
		{7E4BD724-AD17-4DC0-8E81-DFBCB4F2B07A}.Debug|Any CPU.Build.0 = Debug|Any CPU
		{7E4BD724-AD17-4DC0-8E81-DFBCB4F2B07A}.Release|Any CPU.ActiveCfg = Release|Any CPU
		{7E4BD724-AD17-4DC0-8E81-DFBCB4F2B07A}.Release|Any CPU.Build.0 = Release|Any CPU
		{16450D8D-C569-454D-8088-24FEE5F60A5B}.Debug|Any CPU.ActiveCfg = Debug|Any CPU
		{16450D8D-C569-454D-8088-24FEE5F60A5B}.Debug|Any CPU.Build.0 = Debug|Any CPU
		{16450D8D-C569-454D-8088-24FEE5F60A5B}.Release|Any CPU.ActiveCfg = Release|Any CPU
		{16450D8D-C569-454D-8088-24FEE5F60A5B}.Release|Any CPU.Build.0 = Release|Any CPU
		{2E1730A0-3938-48F8-9B15-A5D4737E9218}.Debug|Any CPU.ActiveCfg = Debug|Any CPU
		{2E1730A0-3938-48F8-9B15-A5D4737E9218}.Debug|Any CPU.Build.0 = Debug|Any CPU
		{2E1730A0-3938-48F8-9B15-A5D4737E9218}.Release|Any CPU.ActiveCfg = Release|Any CPU
		{2E1730A0-3938-48F8-9B15-A5D4737E9218}.Release|Any CPU.Build.0 = Release|Any CPU
		{9A7D3549-ED25-4FAE-821F-3554B934D393}.Debug|Any CPU.ActiveCfg = Debug|Any CPU
		{9A7D3549-ED25-4FAE-821F-3554B934D393}.Debug|Any CPU.Build.0 = Debug|Any CPU
		{9A7D3549-ED25-4FAE-821F-3554B934D393}.Release|Any CPU.ActiveCfg = Release|Any CPU
		{9A7D3549-ED25-4FAE-821F-3554B934D393}.Release|Any CPU.Build.0 = Release|Any CPU
		{849BAD6E-8568-4DE2-80AF-87FE8534EF98}.Debug|Any CPU.ActiveCfg = Debug|Any CPU
		{849BAD6E-8568-4DE2-80AF-87FE8534EF98}.Debug|Any CPU.Build.0 = Debug|Any CPU
		{849BAD6E-8568-4DE2-80AF-87FE8534EF98}.Release|Any CPU.ActiveCfg = Release|Any CPU
		{849BAD6E-8568-4DE2-80AF-87FE8534EF98}.Release|Any CPU.Build.0 = Release|Any CPU
		{9938D787-92CA-4DA9-94E4-26DB34EE54E4}.Debug|Any CPU.ActiveCfg = Debug|Any CPU
		{9938D787-92CA-4DA9-94E4-26DB34EE54E4}.Debug|Any CPU.Build.0 = Debug|Any CPU
		{9938D787-92CA-4DA9-94E4-26DB34EE54E4}.Release|Any CPU.ActiveCfg = Release|Any CPU
		{9938D787-92CA-4DA9-94E4-26DB34EE54E4}.Release|Any CPU.Build.0 = Release|Any CPU
		{D0157DBD-BCDF-4027-A2AA-C529E59DF74C}.Debug|Any CPU.ActiveCfg = Debug|Any CPU
		{D0157DBD-BCDF-4027-A2AA-C529E59DF74C}.Debug|Any CPU.Build.0 = Debug|Any CPU
		{D0157DBD-BCDF-4027-A2AA-C529E59DF74C}.Release|Any CPU.ActiveCfg = Release|Any CPU
		{D0157DBD-BCDF-4027-A2AA-C529E59DF74C}.Release|Any CPU.Build.0 = Release|Any CPU
		{44FD11AD-6B42-4BFD-BEDD-0D748E30E64D}.Debug|Any CPU.ActiveCfg = Debug|Any CPU
		{44FD11AD-6B42-4BFD-BEDD-0D748E30E64D}.Debug|Any CPU.Build.0 = Debug|Any CPU
		{44FD11AD-6B42-4BFD-BEDD-0D748E30E64D}.Release|Any CPU.ActiveCfg = Release|Any CPU
		{44FD11AD-6B42-4BFD-BEDD-0D748E30E64D}.Release|Any CPU.Build.0 = Release|Any CPU
	EndGlobalSection
	GlobalSection(SolutionProperties) = preSolution
		HideSolutionNode = FALSE
	EndGlobalSection
	GlobalSection(NestedProjects) = preSolution
		{E07BDF4C-4921-4024-B683-A1EB67D50BDE} = {E35A4307-9424-42D9-A89E-EA447FB4934F}
		{B25930EE-1E4A-438B-A9B6-088373490679} = {E35A4307-9424-42D9-A89E-EA447FB4934F}
		{60B9F2CC-5029-4470-A45E-89CE743CD042} = {E35A4307-9424-42D9-A89E-EA447FB4934F}
		{CB6C4C9D-236D-4709-B8E4-A80ED77184BB} = {31541563-C6B1-4D64-B326-C50B34AB6602}
		{31541563-C6B1-4D64-B326-C50B34AB6602} = {B25930EE-1E4A-438B-A9B6-088373490679}
		{2CE907E8-7015-4E4F-A127-B4F2BE5ADAA9} = {31541563-C6B1-4D64-B326-C50B34AB6602}
		{7E4BD724-AD17-4DC0-8E81-DFBCB4F2B07A} = {31541563-C6B1-4D64-B326-C50B34AB6602}
		{16450D8D-C569-454D-8088-24FEE5F60A5B} = {31541563-C6B1-4D64-B326-C50B34AB6602}
		{2E1730A0-3938-48F8-9B15-A5D4737E9218} = {31541563-C6B1-4D64-B326-C50B34AB6602}
		{9A7D3549-ED25-4FAE-821F-3554B934D393} = {E07BDF4C-4921-4024-B683-A1EB67D50BDE}
		{9938D787-92CA-4DA9-94E4-26DB34EE54E4} = {2CE907E8-7015-4E4F-A127-B4F2BE5ADAA9}
		{B7E4E71D-F6CA-4213-BB94-D537FD379049} = {B25930EE-1E4A-438B-A9B6-088373490679}
		{D0157DBD-BCDF-4027-A2AA-C529E59DF74C} = {B7E4E71D-F6CA-4213-BB94-D537FD379049}
		{3079C665-952B-4476-B2D0-394F1001DE55} = {B7E4E71D-F6CA-4213-BB94-D537FD379049}
		{44FD11AD-6B42-4BFD-BEDD-0D748E30E64D} = {3079C665-952B-4476-B2D0-394F1001DE55}
	EndGlobalSection
	GlobalSection(ExtensibilityGlobals) = postSolution
		SolutionGuid = {939192C8-E328-4143-823B-200CB2D0F599}
	EndGlobalSection
EndGlobal
